
Microsoft Visual Studio Solution File, Format Version 12.00
# Visual Studio 2013
VisualStudioVersion = 12.0.31101.0
MinimumVisualStudioVersion = 10.0.40219.1
Project("{FAE04EC0-301F-11D3-BF4B-00C04F79EFBC}") = "GM.Core", "GM.Core\GM.Core.csproj", "{3B325536-CFCF-4D48-B3BF-1199742B34FE}"
EndProject
Project("{FAE04EC0-301F-11D3-BF4B-00C04F79EFBC}") = "GM.Context", "GM.Context\GM.Context.csproj", "{DE161940-E20D-4B78-9782-74AE8F4D8CDC}"
EndProject
Project("{FAE04EC0-301F-11D3-BF4B-00C04F79EFBC}") = "GM.Services", "GM.Services\GM.Services.csproj", "{EAE7AAC6-6897-44A5-ACB6-61A1C8AA28B8}"
EndProject
Project("{FAE04EC0-301F-11D3-BF4B-00C04F79EFBC}") = "GM.Presentation", "GM.Presentation\GM.Presentation.csproj", "{D4F760DE-C1DD-4741-9024-760A15C898A8}"
EndProject
Project("{FAE04EC0-301F-11D3-BF4B-00C04F79EFBC}") = "Gm.UI", "Gm.UI\Gm.UI.csproj", "{6F61E087-56F6-49DE-95E2-8E91A54496D6}"
EndProject
Global
	GlobalSection(SolutionConfigurationPlatforms) = preSolution
		Debug|Any CPU = Debug|Any CPU
		Release|Any CPU = Release|Any CPU
	EndGlobalSection
	GlobalSection(ProjectConfigurationPlatforms) = postSolution
		{3B325536-CFCF-4D48-B3BF-1199742B34FE}.Debug|Any CPU.ActiveCfg = Debug|Any CPU
		{3B325536-CFCF-4D48-B3BF-1199742B34FE}.Debug|Any CPU.Build.0 = Debug|Any CPU
		{3B325536-CFCF-4D48-B3BF-1199742B34FE}.Release|Any CPU.ActiveCfg = Release|Any CPU
		{3B325536-CFCF-4D48-B3BF-1199742B34FE}.Release|Any CPU.Build.0 = Release|Any CPU
		{DE161940-E20D-4B78-9782-74AE8F4D8CDC}.Debug|Any CPU.ActiveCfg = Debug|Any CPU
		{DE161940-E20D-4B78-9782-74AE8F4D8CDC}.Debug|Any CPU.Build.0 = Debug|Any CPU
		{DE161940-E20D-4B78-9782-74AE8F4D8CDC}.Release|Any CPU.ActiveCfg = Release|Any CPU
		{DE161940-E20D-4B78-9782-74AE8F4D8CDC}.Release|Any CPU.Build.0 = Release|Any CPU
		{EAE7AAC6-6897-44A5-ACB6-61A1C8AA28B8}.Debug|Any CPU.ActiveCfg = Debug|Any CPU
		{EAE7AAC6-6897-44A5-ACB6-61A1C8AA28B8}.Debug|Any CPU.Build.0 = Debug|Any CPU
		{EAE7AAC6-6897-44A5-ACB6-61A1C8AA28B8}.Release|Any CPU.ActiveCfg = Release|Any CPU
		{EAE7AAC6-6897-44A5-ACB6-61A1C8AA28B8}.Release|Any CPU.Build.0 = Release|Any CPU
		{D4F760DE-C1DD-4741-9024-760A15C898A8}.Debug|Any CPU.ActiveCfg = Debug|Any CPU
		{D4F760DE-C1DD-4741-9024-760A15C898A8}.Debug|Any CPU.Build.0 = Debug|Any CPU
		{D4F760DE-C1DD-4741-9024-760A15C898A8}.Release|Any CPU.ActiveCfg = Release|Any CPU
		{D4F760DE-C1DD-4741-9024-760A15C898A8}.Release|Any CPU.Build.0 = Release|Any CPU
		{6F61E087-56F6-49DE-95E2-8E91A54496D6}.Debug|Any CPU.ActiveCfg = Debug|Any CPU
		{6F61E087-56F6-49DE-95E2-8E91A54496D6}.Debug|Any CPU.Build.0 = Debug|Any CPU
		{6F61E087-56F6-49DE-95E2-8E91A54496D6}.Release|Any CPU.ActiveCfg = Release|Any CPU
		{6F61E087-56F6-49DE-95E2-8E91A54496D6}.Release|Any CPU.Build.0 = Release|Any CPU
	EndGlobalSection
	GlobalSection(SolutionProperties) = preSolution
		HideSolutionNode = FALSE
	EndGlobalSection
EndGlobal
